// !$*UTF8*$!
{
	archiveVersion = 1;
	classes = {
	};
	objectVersion = 51;
	objects = {

/* Begin PBXBuildFile section */
		02BB79B125187B550039E693 /* UIViewControllerExtension.swift in Sources */ = {isa = PBXBuildFile; fileRef = 02BB79B025187B550039E693 /* UIViewControllerExtension.swift */; };
		02BB79C0251880650039E693 /* LatestSearchedKeywordCellReactor.swift in Sources */ = {isa = PBXBuildFile; fileRef = 02BB79BF251880650039E693 /* LatestSearchedKeywordCellReactor.swift */; };
		02BB79C4251881050039E693 /* SearchKeyword.swift in Sources */ = {isa = PBXBuildFile; fileRef = 02BB79C3251881050039E693 /* SearchKeyword.swift */; };
		02BB79C8251881C30039E693 /* StringExtension.swift in Sources */ = {isa = PBXBuildFile; fileRef = 02BB79C7251881C30039E693 /* StringExtension.swift */; };
		167A07E385866EFA7C9A12F9 /* Pods_KakaoMinsooTests.framework in Frameworks */ = {isa = PBXBuildFile; fileRef = BCDF4AEA5CBC7EA822E78CAD /* Pods_KakaoMinsooTests.framework */; };
		CF1EFE6A2514E1290047485D /* SearchResultUtils.swift in Sources */ = {isa = PBXBuildFile; fileRef = CF1EFE692514E1290047485D /* SearchResultUtils.swift */; };
		CF1EFE6D2514E7C90047485D /* AppCommonInformationView.swift in Sources */ = {isa = PBXBuildFile; fileRef = CF1EFE6C2514E7C90047485D /* AppCommonInformationView.swift */; };
		CF1EFE6F2514E7E30047485D /* Separator.swift in Sources */ = {isa = PBXBuildFile; fileRef = CF1EFE6E2514E7E30047485D /* Separator.swift */; };
		CF1EFE712515C3890047485D /* AppScreenshotCell.swift in Sources */ = {isa = PBXBuildFile; fileRef = CF1EFE702515C3890047485D /* AppScreenshotCell.swift */; };
		CF3A99EE2513992800D9CFAB /* SearchDetailViewReactor.swift in Sources */ = {isa = PBXBuildFile; fileRef = CF3A99ED2513992800D9CFAB /* SearchDetailViewReactor.swift */; };
		CF3A99F125139FD500D9CFAB /* PGOperation.swift in Sources */ = {isa = PBXBuildFile; fileRef = CF3A99F025139FD500D9CFAB /* PGOperation.swift */; };
		CF3A99F325139FEF00D9CFAB /* ImageDownloadHandler.swift in Sources */ = {isa = PBXBuildFile; fileRef = CF3A99F225139FEF00D9CFAB /* ImageDownloadHandler.swift */; };
		CF3A99F62513B78500D9CFAB /* ImageViewExtension.swift in Sources */ = {isa = PBXBuildFile; fileRef = CF3A99F52513B78500D9CFAB /* ImageViewExtension.swift */; };
		CF3A99F82513C19500D9CFAB /* Constants.swift in Sources */ = {isa = PBXBuildFile; fileRef = CF3A99F72513C19500D9CFAB /* Constants.swift */; };
		CF3A99FA2513C79000D9CFAB /* LatestSearchedKeywordCell.swift in Sources */ = {isa = PBXBuildFile; fileRef = CF3A99F92513C79000D9CFAB /* LatestSearchedKeywordCell.swift */; };
		CF7782E025170F2300887152 /* InformationView.swift in Sources */ = {isa = PBXBuildFile; fileRef = CF7782DF25170F2300887152 /* InformationView.swift */; };
		CF7782E225170F2B00887152 /* InformationViewReactor.swift in Sources */ = {isa = PBXBuildFile; fileRef = CF7782E125170F2B00887152 /* InformationViewReactor.swift */; };
		CF83CA1725172E2D0049BDAD /* DefaultInformationTableViewCell.swift in Sources */ = {isa = PBXBuildFile; fileRef = CF83CA1625172E2D0049BDAD /* DefaultInformationTableViewCell.swift */; };
		CF83CA1B251731D40049BDAD /* InformationTableViewCellReactor.swift in Sources */ = {isa = PBXBuildFile; fileRef = CF83CA1A251731D40049BDAD /* InformationTableViewCellReactor.swift */; };
		CF83CA21251741F60049BDAD /* AppInformation.swift in Sources */ = {isa = PBXBuildFile; fileRef = CF83CA20251741F60049BDAD /* AppInformation.swift */; };
		CF83CA27251744A70049BDAD /* AgeInformationTableViewCell.swift in Sources */ = {isa = PBXBuildFile; fileRef = CF83CA26251744A70049BDAD /* AgeInformationTableViewCell.swift */; };
		CF83CA2B2517451D0049BDAD /* DetailInformationTableViewCell.swift in Sources */ = {isa = PBXBuildFile; fileRef = CF83CA2A2517451D0049BDAD /* DetailInformationTableViewCell.swift */; };
		CF83CA312517A16A0049BDAD /* ExpandableCell.swift in Sources */ = {isa = PBXBuildFile; fileRef = CF83CA302517A16A0049BDAD /* ExpandableCell.swift */; };
		CFA8A9512515F8860052841E /* AppDescriptionView.swift in Sources */ = {isa = PBXBuildFile; fileRef = CFA8A9502515F8860052841E /* AppDescriptionView.swift */; };
		CFA8A9532515FE020052841E /* AppDescriptionViewReactor.swift in Sources */ = {isa = PBXBuildFile; fileRef = CFA8A9522515FE020052841E /* AppDescriptionViewReactor.swift */; };
		CFA8A955251616060052841E /* SearchDetailViewProtocol.swift in Sources */ = {isa = PBXBuildFile; fileRef = CFA8A954251616060052841E /* SearchDetailViewProtocol.swift */; };
		CFA8A95725161FAD0052841E /* RatingReviewView.swift in Sources */ = {isa = PBXBuildFile; fileRef = CFA8A95625161FAD0052841E /* RatingReviewView.swift */; };
		CFA8A95925161FDC0052841E /* RatingReviewViewReactor.swift in Sources */ = {isa = PBXBuildFile; fileRef = CFA8A95825161FDC0052841E /* RatingReviewViewReactor.swift */; };
		CFA8A95B25162AA10052841E /* RatingBar.swift in Sources */ = {isa = PBXBuildFile; fileRef = CFA8A95A25162AA10052841E /* RatingBar.swift */; };
		CFA8A95D25162B8F0052841E /* ReviewCollectionViewCell.swift in Sources */ = {isa = PBXBuildFile; fileRef = CFA8A95C25162B8F0052841E /* ReviewCollectionViewCell.swift */; };
		CFBDD0B22512347F007E167F /* AppDelegate.swift in Sources */ = {isa = PBXBuildFile; fileRef = CFBDD0B12512347F007E167F /* AppDelegate.swift */; };
		CFBDD0B42512347F007E167F /* SceneDelegate.swift in Sources */ = {isa = PBXBuildFile; fileRef = CFBDD0B32512347F007E167F /* SceneDelegate.swift */; };
		CFBDD0B62512347F007E167F /* SearchViewController.swift in Sources */ = {isa = PBXBuildFile; fileRef = CFBDD0B52512347F007E167F /* SearchViewController.swift */; };
		CFBDD0BB25123481007E167F /* Assets.xcassets in Resources */ = {isa = PBXBuildFile; fileRef = CFBDD0BA25123481007E167F /* Assets.xcassets */; };
		CFBDD0BE25123481007E167F /* LaunchScreen.storyboard in Resources */ = {isa = PBXBuildFile; fileRef = CFBDD0BC25123481007E167F /* LaunchScreen.storyboard */; };
		CFBDD0C925123481007E167F /* KakaoMinsooTests.swift in Sources */ = {isa = PBXBuildFile; fileRef = CFBDD0C825123481007E167F /* KakaoMinsooTests.swift */; };
		CFBDD0D4251234BE007E167F /* APIClient.swift in Sources */ = {isa = PBXBuildFile; fileRef = CFBDD0D3251234BE007E167F /* APIClient.swift */; };
		CFBDD0D62512372B007E167F /* APIConstants.swift in Sources */ = {isa = PBXBuildFile; fileRef = CFBDD0D52512372B007E167F /* APIConstants.swift */; };
		CFBDD0D925123F81007E167F /* EntityType.swift in Sources */ = {isa = PBXBuildFile; fileRef = CFBDD0D825123F81007E167F /* EntityType.swift */; };
		CFBDD0DB25123F92007E167F /* AttributeType.swift in Sources */ = {isa = PBXBuildFile; fileRef = CFBDD0DA25123F92007E167F /* AttributeType.swift */; };
		CFBDD0DD2512415E007E167F /* SearchLanguagge.swift in Sources */ = {isa = PBXBuildFile; fileRef = CFBDD0DC2512415E007E167F /* SearchLanguagge.swift */; };
		CFBDD0DF25124210007E167F /* ExplitType.swift in Sources */ = {isa = PBXBuildFile; fileRef = CFBDD0DE25124210007E167F /* ExplitType.swift */; };
		CFBDD0E1251255CA007E167F /* SearchResponse.swift in Sources */ = {isa = PBXBuildFile; fileRef = CFBDD0E0251255CA007E167F /* SearchResponse.swift */; };
		CFBDD0E325125892007E167F /* SearchResultStub.swift in Sources */ = {isa = PBXBuildFile; fileRef = CFBDD0E225125892007E167F /* SearchResultStub.swift */; };
		CFBDD0EA25126D14007E167F /* SearchDetailViewController.swift in Sources */ = {isa = PBXBuildFile; fileRef = CFBDD0E825126D14007E167F /* SearchDetailViewController.swift */; };
		CFBDD0EF25126D6C007E167F /* Main.storyboard in Resources */ = {isa = PBXBuildFile; fileRef = CFBDD0EE25126D6C007E167F /* Main.storyboard */; };
		CFBDD0F125126D78007E167F /* SearchDetailViewController.storyboard in Resources */ = {isa = PBXBuildFile; fileRef = CFBDD0F025126D78007E167F /* SearchDetailViewController.storyboard */; };
		CFBDD0F325127C2B007E167F /* SearchViewController+SearchBarDelegate.swift in Sources */ = {isa = PBXBuildFile; fileRef = CFBDD0F225127C2B007E167F /* SearchViewController+SearchBarDelegate.swift */; };
		CFBDD0F525127C5D007E167F /* SearchViewController+UITableViewDelegate.swift in Sources */ = {isa = PBXBuildFile; fileRef = CFBDD0F425127C5D007E167F /* SearchViewController+UITableViewDelegate.swift */; };
		CFBDD0F725127CA4007E167F /* SearchViewReactor.swift in Sources */ = {isa = PBXBuildFile; fileRef = CFBDD0F625127CA4007E167F /* SearchViewReactor.swift */; };
		CFBDD0F925128393007E167F /* SearchUserDefaults.swift in Sources */ = {isa = PBXBuildFile; fileRef = CFBDD0F825128393007E167F /* SearchUserDefaults.swift */; };
		CFBDD0FB251284D8007E167F /* PropertyWrapperTest.swift in Sources */ = {isa = PBXBuildFile; fileRef = CFBDD0FA251284D8007E167F /* PropertyWrapperTest.swift */; };
		CFBDD0FD2512861A007E167F /* SearchUserDefaults.swift in Sources */ = {isa = PBXBuildFile; fileRef = CFBDD0F825128393007E167F /* SearchUserDefaults.swift */; };
		CFBDD102251291B0007E167F /* SearchResultTableViewCell.swift in Sources */ = {isa = PBXBuildFile; fileRef = CFBDD101251291B0007E167F /* SearchResultTableViewCell.swift */; };
		CFBDD104251291ED007E167F /* SearchResultTableCellReator.swift in Sources */ = {isa = PBXBuildFile; fileRef = CFBDD103251291ED007E167F /* SearchResultTableCellReator.swift */; };
		CFC8D3682516551E00C18101 /* WhatsNewView.swift in Sources */ = {isa = PBXBuildFile; fileRef = CFC8D3672516551E00C18101 /* WhatsNewView.swift */; };
		CFC8D36A2516555400C18101 /* WhatNewViewReactor.swift in Sources */ = {isa = PBXBuildFile; fileRef = CFC8D3692516555400C18101 /* WhatNewViewReactor.swift */; };
		CFC8D36C25165C9E00C18101 /* DateConverter.swift in Sources */ = {isa = PBXBuildFile; fileRef = CFC8D36B25165C9E00C18101 /* DateConverter.swift */; };
		CFC8D36F25167CD800C18101 /* DeviceType.swift in Sources */ = {isa = PBXBuildFile; fileRef = CFC8D36E25167CD800C18101 /* DeviceType.swift */; };
		E1441E72B9A1609873F64F84 /* Pods_KakaoMinsoo.framework in Frameworks */ = {isa = PBXBuildFile; fileRef = 66DF841A7FD009C9E82D82DB /* Pods_KakaoMinsoo.framework */; };
/* End PBXBuildFile section */

/* Begin PBXContainerItemProxy section */
		CFBDD0C525123481007E167F /* PBXContainerItemProxy */ = {
			isa = PBXContainerItemProxy;
			containerPortal = CFBDD0A62512347F007E167F /* Project object */;
			proxyType = 1;
			remoteGlobalIDString = CFBDD0AD2512347F007E167F;
			remoteInfo = KakaoMinsoo;
		};
/* End PBXContainerItemProxy section */

/* Begin PBXFileReference section */
		02BB79B025187B550039E693 /* UIViewControllerExtension.swift */ = {isa = PBXFileReference; lastKnownFileType = sourcecode.swift; path = UIViewControllerExtension.swift; sourceTree = "<group>"; };
		02BB79BF251880650039E693 /* LatestSearchedKeywordCellReactor.swift */ = {isa = PBXFileReference; lastKnownFileType = sourcecode.swift; path = LatestSearchedKeywordCellReactor.swift; sourceTree = "<group>"; };
		02BB79C3251881050039E693 /* SearchKeyword.swift */ = {isa = PBXFileReference; lastKnownFileType = sourcecode.swift; path = SearchKeyword.swift; sourceTree = "<group>"; };
		02BB79C7251881C30039E693 /* StringExtension.swift */ = {isa = PBXFileReference; lastKnownFileType = sourcecode.swift; path = StringExtension.swift; sourceTree = "<group>"; };
		11AAC797F3781DAF5AA69E23 /* Pods-KakaoMinsooTests.release.xcconfig */ = {isa = PBXFileReference; includeInIndex = 1; lastKnownFileType = text.xcconfig; name = "Pods-KakaoMinsooTests.release.xcconfig"; path = "Target Support Files/Pods-KakaoMinsooTests/Pods-KakaoMinsooTests.release.xcconfig"; sourceTree = "<group>"; };
		45F3E8F8F1389471BDE92025 /* Pods-KakaoMinsooTests.debug.xcconfig */ = {isa = PBXFileReference; includeInIndex = 1; lastKnownFileType = text.xcconfig; name = "Pods-KakaoMinsooTests.debug.xcconfig"; path = "Target Support Files/Pods-KakaoMinsooTests/Pods-KakaoMinsooTests.debug.xcconfig"; sourceTree = "<group>"; };
		5CB171B0D1BE0280560049BE /* Pods-KakaoMinsoo.debug.xcconfig */ = {isa = PBXFileReference; includeInIndex = 1; lastKnownFileType = text.xcconfig; name = "Pods-KakaoMinsoo.debug.xcconfig"; path = "Target Support Files/Pods-KakaoMinsoo/Pods-KakaoMinsoo.debug.xcconfig"; sourceTree = "<group>"; };
		66DF841A7FD009C9E82D82DB /* Pods_KakaoMinsoo.framework */ = {isa = PBXFileReference; explicitFileType = wrapper.framework; includeInIndex = 0; path = Pods_KakaoMinsoo.framework; sourceTree = BUILT_PRODUCTS_DIR; };
		6BF01F6C1EBEF1F48CED303B /* Pods-KakaoMinsoo.release.xcconfig */ = {isa = PBXFileReference; includeInIndex = 1; lastKnownFileType = text.xcconfig; name = "Pods-KakaoMinsoo.release.xcconfig"; path = "Target Support Files/Pods-KakaoMinsoo/Pods-KakaoMinsoo.release.xcconfig"; sourceTree = "<group>"; };
		BCDF4AEA5CBC7EA822E78CAD /* Pods_KakaoMinsooTests.framework */ = {isa = PBXFileReference; explicitFileType = wrapper.framework; includeInIndex = 0; path = Pods_KakaoMinsooTests.framework; sourceTree = BUILT_PRODUCTS_DIR; };
		CF1EFE692514E1290047485D /* SearchResultUtils.swift */ = {isa = PBXFileReference; lastKnownFileType = sourcecode.swift; path = SearchResultUtils.swift; sourceTree = "<group>"; };
		CF1EFE6C2514E7C90047485D /* AppCommonInformationView.swift */ = {isa = PBXFileReference; lastKnownFileType = sourcecode.swift; path = AppCommonInformationView.swift; sourceTree = "<group>"; };
		CF1EFE6E2514E7E30047485D /* Separator.swift */ = {isa = PBXFileReference; lastKnownFileType = sourcecode.swift; path = Separator.swift; sourceTree = "<group>"; };
		CF1EFE702515C3890047485D /* AppScreenshotCell.swift */ = {isa = PBXFileReference; lastKnownFileType = sourcecode.swift; path = AppScreenshotCell.swift; sourceTree = "<group>"; };
		CF3A99ED2513992800D9CFAB /* SearchDetailViewReactor.swift */ = {isa = PBXFileReference; lastKnownFileType = sourcecode.swift; path = SearchDetailViewReactor.swift; sourceTree = "<group>"; };
		CF3A99F025139FD500D9CFAB /* PGOperation.swift */ = {isa = PBXFileReference; lastKnownFileType = sourcecode.swift; path = PGOperation.swift; sourceTree = "<group>"; };
		CF3A99F225139FEF00D9CFAB /* ImageDownloadHandler.swift */ = {isa = PBXFileReference; lastKnownFileType = sourcecode.swift; path = ImageDownloadHandler.swift; sourceTree = "<group>"; };
		CF3A99F52513B78500D9CFAB /* ImageViewExtension.swift */ = {isa = PBXFileReference; lastKnownFileType = sourcecode.swift; path = ImageViewExtension.swift; sourceTree = "<group>"; };
		CF3A99F72513C19500D9CFAB /* Constants.swift */ = {isa = PBXFileReference; lastKnownFileType = sourcecode.swift; path = Constants.swift; sourceTree = "<group>"; };
		CF3A99F92513C79000D9CFAB /* LatestSearchedKeywordCell.swift */ = {isa = PBXFileReference; lastKnownFileType = sourcecode.swift; path = LatestSearchedKeywordCell.swift; sourceTree = "<group>"; };
		CF7782DF25170F2300887152 /* InformationView.swift */ = {isa = PBXFileReference; lastKnownFileType = sourcecode.swift; path = InformationView.swift; sourceTree = "<group>"; };
		CF7782E125170F2B00887152 /* InformationViewReactor.swift */ = {isa = PBXFileReference; lastKnownFileType = sourcecode.swift; path = InformationViewReactor.swift; sourceTree = "<group>"; };
		CF83CA1625172E2D0049BDAD /* DefaultInformationTableViewCell.swift */ = {isa = PBXFileReference; lastKnownFileType = sourcecode.swift; path = DefaultInformationTableViewCell.swift; sourceTree = "<group>"; };
		CF83CA1A251731D40049BDAD /* InformationTableViewCellReactor.swift */ = {isa = PBXFileReference; lastKnownFileType = sourcecode.swift; path = InformationTableViewCellReactor.swift; sourceTree = "<group>"; };
		CF83CA20251741F60049BDAD /* AppInformation.swift */ = {isa = PBXFileReference; lastKnownFileType = sourcecode.swift; path = AppInformation.swift; sourceTree = "<group>"; };
		CF83CA26251744A70049BDAD /* AgeInformationTableViewCell.swift */ = {isa = PBXFileReference; lastKnownFileType = sourcecode.swift; path = AgeInformationTableViewCell.swift; sourceTree = "<group>"; };
		CF83CA2A2517451D0049BDAD /* DetailInformationTableViewCell.swift */ = {isa = PBXFileReference; lastKnownFileType = sourcecode.swift; path = DetailInformationTableViewCell.swift; sourceTree = "<group>"; };
		CF83CA302517A16A0049BDAD /* ExpandableCell.swift */ = {isa = PBXFileReference; lastKnownFileType = sourcecode.swift; path = ExpandableCell.swift; sourceTree = "<group>"; };
		CFA8A9502515F8860052841E /* AppDescriptionView.swift */ = {isa = PBXFileReference; lastKnownFileType = sourcecode.swift; path = AppDescriptionView.swift; sourceTree = "<group>"; };
		CFA8A9522515FE020052841E /* AppDescriptionViewReactor.swift */ = {isa = PBXFileReference; lastKnownFileType = sourcecode.swift; path = AppDescriptionViewReactor.swift; sourceTree = "<group>"; };
		CFA8A954251616060052841E /* SearchDetailViewProtocol.swift */ = {isa = PBXFileReference; lastKnownFileType = sourcecode.swift; path = SearchDetailViewProtocol.swift; sourceTree = "<group>"; };
		CFA8A95625161FAD0052841E /* RatingReviewView.swift */ = {isa = PBXFileReference; lastKnownFileType = sourcecode.swift; path = RatingReviewView.swift; sourceTree = "<group>"; };
		CFA8A95825161FDC0052841E /* RatingReviewViewReactor.swift */ = {isa = PBXFileReference; lastKnownFileType = sourcecode.swift; path = RatingReviewViewReactor.swift; sourceTree = "<group>"; };
		CFA8A95A25162AA10052841E /* RatingBar.swift */ = {isa = PBXFileReference; lastKnownFileType = sourcecode.swift; path = RatingBar.swift; sourceTree = "<group>"; };
		CFA8A95C25162B8F0052841E /* ReviewCollectionViewCell.swift */ = {isa = PBXFileReference; lastKnownFileType = sourcecode.swift; path = ReviewCollectionViewCell.swift; sourceTree = "<group>"; };
		CFBDD0AE2512347F007E167F /* KakaoMinsoo.app */ = {isa = PBXFileReference; explicitFileType = wrapper.application; includeInIndex = 0; path = KakaoMinsoo.app; sourceTree = BUILT_PRODUCTS_DIR; };
		CFBDD0B12512347F007E167F /* AppDelegate.swift */ = {isa = PBXFileReference; lastKnownFileType = sourcecode.swift; path = AppDelegate.swift; sourceTree = "<group>"; };
		CFBDD0B32512347F007E167F /* SceneDelegate.swift */ = {isa = PBXFileReference; lastKnownFileType = sourcecode.swift; path = SceneDelegate.swift; sourceTree = "<group>"; };
		CFBDD0B52512347F007E167F /* SearchViewController.swift */ = {isa = PBXFileReference; lastKnownFileType = sourcecode.swift; path = SearchViewController.swift; sourceTree = "<group>"; };
		CFBDD0BA25123481007E167F /* Assets.xcassets */ = {isa = PBXFileReference; lastKnownFileType = folder.assetcatalog; path = Assets.xcassets; sourceTree = "<group>"; };
		CFBDD0BD25123481007E167F /* Base */ = {isa = PBXFileReference; lastKnownFileType = file.storyboard; name = Base; path = Base.lproj/LaunchScreen.storyboard; sourceTree = "<group>"; };
		CFBDD0BF25123481007E167F /* Info.plist */ = {isa = PBXFileReference; lastKnownFileType = text.plist.xml; path = Info.plist; sourceTree = "<group>"; };
		CFBDD0C425123481007E167F /* KakaoMinsooTests.xctest */ = {isa = PBXFileReference; explicitFileType = wrapper.cfbundle; includeInIndex = 0; path = KakaoMinsooTests.xctest; sourceTree = BUILT_PRODUCTS_DIR; };
		CFBDD0C825123481007E167F /* KakaoMinsooTests.swift */ = {isa = PBXFileReference; lastKnownFileType = sourcecode.swift; path = KakaoMinsooTests.swift; sourceTree = "<group>"; };
		CFBDD0CA25123481007E167F /* Info.plist */ = {isa = PBXFileReference; lastKnownFileType = text.plist.xml; path = Info.plist; sourceTree = "<group>"; };
		CFBDD0D3251234BE007E167F /* APIClient.swift */ = {isa = PBXFileReference; lastKnownFileType = sourcecode.swift; path = APIClient.swift; sourceTree = "<group>"; };
		CFBDD0D52512372B007E167F /* APIConstants.swift */ = {isa = PBXFileReference; lastKnownFileType = sourcecode.swift; path = APIConstants.swift; sourceTree = "<group>"; };
		CFBDD0D825123F81007E167F /* EntityType.swift */ = {isa = PBXFileReference; lastKnownFileType = sourcecode.swift; path = EntityType.swift; sourceTree = "<group>"; };
		CFBDD0DA25123F92007E167F /* AttributeType.swift */ = {isa = PBXFileReference; lastKnownFileType = sourcecode.swift; path = AttributeType.swift; sourceTree = "<group>"; };
		CFBDD0DC2512415E007E167F /* SearchLanguagge.swift */ = {isa = PBXFileReference; lastKnownFileType = sourcecode.swift; path = SearchLanguagge.swift; sourceTree = "<group>"; };
		CFBDD0DE25124210007E167F /* ExplitType.swift */ = {isa = PBXFileReference; lastKnownFileType = sourcecode.swift; path = ExplitType.swift; sourceTree = "<group>"; };
		CFBDD0E0251255CA007E167F /* SearchResponse.swift */ = {isa = PBXFileReference; lastKnownFileType = sourcecode.swift; path = SearchResponse.swift; sourceTree = "<group>"; };
		CFBDD0E225125892007E167F /* SearchResultStub.swift */ = {isa = PBXFileReference; lastKnownFileType = sourcecode.swift; path = SearchResultStub.swift; sourceTree = "<group>"; };
		CFBDD0E825126D14007E167F /* SearchDetailViewController.swift */ = {isa = PBXFileReference; lastKnownFileType = sourcecode.swift; path = SearchDetailViewController.swift; sourceTree = "<group>"; };
		CFBDD0EE25126D6C007E167F /* Main.storyboard */ = {isa = PBXFileReference; lastKnownFileType = file.storyboard; path = Main.storyboard; sourceTree = "<group>"; };
		CFBDD0F025126D78007E167F /* SearchDetailViewController.storyboard */ = {isa = PBXFileReference; lastKnownFileType = file.storyboard; path = SearchDetailViewController.storyboard; sourceTree = "<group>"; };
		CFBDD0F225127C2B007E167F /* SearchViewController+SearchBarDelegate.swift */ = {isa = PBXFileReference; lastKnownFileType = sourcecode.swift; path = "SearchViewController+SearchBarDelegate.swift"; sourceTree = "<group>"; };
		CFBDD0F425127C5D007E167F /* SearchViewController+UITableViewDelegate.swift */ = {isa = PBXFileReference; lastKnownFileType = sourcecode.swift; path = "SearchViewController+UITableViewDelegate.swift"; sourceTree = "<group>"; };
		CFBDD0F625127CA4007E167F /* SearchViewReactor.swift */ = {isa = PBXFileReference; lastKnownFileType = sourcecode.swift; path = SearchViewReactor.swift; sourceTree = "<group>"; };
		CFBDD0F825128393007E167F /* SearchUserDefaults.swift */ = {isa = PBXFileReference; lastKnownFileType = sourcecode.swift; path = SearchUserDefaults.swift; sourceTree = "<group>"; };
		CFBDD0FA251284D8007E167F /* PropertyWrapperTest.swift */ = {isa = PBXFileReference; lastKnownFileType = sourcecode.swift; path = PropertyWrapperTest.swift; sourceTree = "<group>"; };
		CFBDD101251291B0007E167F /* SearchResultTableViewCell.swift */ = {isa = PBXFileReference; lastKnownFileType = sourcecode.swift; path = SearchResultTableViewCell.swift; sourceTree = "<group>"; };
		CFBDD103251291ED007E167F /* SearchResultTableCellReator.swift */ = {isa = PBXFileReference; lastKnownFileType = sourcecode.swift; path = SearchResultTableCellReator.swift; sourceTree = "<group>"; };
		CFC8D3672516551E00C18101 /* WhatsNewView.swift */ = {isa = PBXFileReference; lastKnownFileType = sourcecode.swift; path = WhatsNewView.swift; sourceTree = "<group>"; };
		CFC8D3692516555400C18101 /* WhatNewViewReactor.swift */ = {isa = PBXFileReference; lastKnownFileType = sourcecode.swift; path = WhatNewViewReactor.swift; sourceTree = "<group>"; };
		CFC8D36B25165C9E00C18101 /* DateConverter.swift */ = {isa = PBXFileReference; lastKnownFileType = sourcecode.swift; path = DateConverter.swift; sourceTree = "<group>"; };
		CFC8D36E25167CD800C18101 /* DeviceType.swift */ = {isa = PBXFileReference; lastKnownFileType = sourcecode.swift; path = DeviceType.swift; sourceTree = "<group>"; };
/* End PBXFileReference section */

/* Begin PBXFrameworksBuildPhase section */
		CFBDD0AB2512347F007E167F /* Frameworks */ = {
			isa = PBXFrameworksBuildPhase;
			buildActionMask = 2147483647;
			files = (
				E1441E72B9A1609873F64F84 /* Pods_KakaoMinsoo.framework in Frameworks */,
			);
			runOnlyForDeploymentPostprocessing = 0;
		};
		CFBDD0C125123481007E167F /* Frameworks */ = {
			isa = PBXFrameworksBuildPhase;
			buildActionMask = 2147483647;
			files = (
				167A07E385866EFA7C9A12F9 /* Pods_KakaoMinsooTests.framework in Frameworks */,
			);
			runOnlyForDeploymentPostprocessing = 0;
		};
/* End PBXFrameworksBuildPhase section */

/* Begin PBXGroup section */
		02CE7B3D251464AF00869DA0 /* Search */ = {
			isa = PBXGroup;
			children = (
				CFBDD0EE25126D6C007E167F /* Main.storyboard */,
				CFBDD0B52512347F007E167F /* SearchViewController.swift */,
				CFBDD0F625127CA4007E167F /* SearchViewReactor.swift */,
				CFBDD0F225127C2B007E167F /* SearchViewController+SearchBarDelegate.swift */,
				CFBDD0F425127C5D007E167F /* SearchViewController+UITableViewDelegate.swift */,
			);
			path = Search;
			sourceTree = "<group>";
		};
		02CE7B3E251464C400869DA0 /* SearchDetail */ = {
			isa = PBXGroup;
			children = (
				CFBDD0E825126D14007E167F /* SearchDetailViewController.swift */,
				CF3A99ED2513992800D9CFAB /* SearchDetailViewReactor.swift */,
				CF1EFE6B2514E7B70047485D /* SubViews */,
				CFBDD0F025126D78007E167F /* SearchDetailViewController.storyboard */,
			);
			path = SearchDetail;
			sourceTree = "<group>";
		};
		940A5EEEB08F59EDFE4EA99A /* Frameworks */ = {
			isa = PBXGroup;
			children = (
				66DF841A7FD009C9E82D82DB /* Pods_KakaoMinsoo.framework */,
				BCDF4AEA5CBC7EA822E78CAD /* Pods_KakaoMinsooTests.framework */,
			);
			name = Frameworks;
			sourceTree = "<group>";
		};
		BDCD582380E6543BC41ABA41 /* Pods */ = {
			isa = PBXGroup;
			children = (
				5CB171B0D1BE0280560049BE /* Pods-KakaoMinsoo.debug.xcconfig */,
				6BF01F6C1EBEF1F48CED303B /* Pods-KakaoMinsoo.release.xcconfig */,
				45F3E8F8F1389471BDE92025 /* Pods-KakaoMinsooTests.debug.xcconfig */,
				11AAC797F3781DAF5AA69E23 /* Pods-KakaoMinsooTests.release.xcconfig */,
			);
			path = Pods;
			sourceTree = "<group>";
		};
		CF1EFE682514E1160047485D /* utils */ = {
			isa = PBXGroup;
			children = (
				CF1EFE692514E1290047485D /* SearchResultUtils.swift */,
				CFC8D36E25167CD800C18101 /* DeviceType.swift */,
				CFC8D36B25165C9E00C18101 /* DateConverter.swift */,
			);
			path = utils;
			sourceTree = "<group>";
		};
		CF1EFE6B2514E7B70047485D /* SubViews */ = {
			isa = PBXGroup;
			children = (
				CFA8A95E25162B970052841E /* AppCommonInformation */,
				CF1EFE6E2514E7E30047485D /* Separator.swift */,
				CFA8A95F25162BAB0052841E /* AppDescriptionView */,
				CFA8A954251616060052841E /* SearchDetailViewProtocol.swift */,
				CFA8A96025162BBF0052841E /* RatingsAndReviews */,
				CFC8D3662516550500C18101 /* WhatsNewView */,
				CFC8D36D25166FA100C18101 /* InformationView */,
			);
			path = SubViews;
			sourceTree = "<group>";
		};
		CF3A99EF25139FC600D9CFAB /* ImageRequest */ = {
			isa = PBXGroup;
			children = (
				CF3A99F025139FD500D9CFAB /* PGOperation.swift */,
				CF3A99F225139FEF00D9CFAB /* ImageDownloadHandler.swift */,
			);
			path = ImageRequest;
			sourceTree = "<group>";
		};
		CF3A99F42513B77500D9CFAB /* extensions */ = {
			isa = PBXGroup;
			children = (
				CF3A99F52513B78500D9CFAB /* ImageViewExtension.swift */,
				02BB79C7251881C30039E693 /* StringExtension.swift */,
				02BB79B025187B550039E693 /* UIViewControllerExtension.swift */,
			);
			path = extensions;
			sourceTree = "<group>";
		};
		CFA8A95E25162B970052841E /* AppCommonInformation */ = {
			isa = PBXGroup;
			children = (
				CF1EFE6C2514E7C90047485D /* AppCommonInformationView.swift */,
				CF1EFE702515C3890047485D /* AppScreenshotCell.swift */,
			);
			path = AppCommonInformation;
			sourceTree = "<group>";
		};
		CFA8A95F25162BAB0052841E /* AppDescriptionView */ = {
			isa = PBXGroup;
			children = (
				CFA8A9502515F8860052841E /* AppDescriptionView.swift */,
				CFA8A9522515FE020052841E /* AppDescriptionViewReactor.swift */,
			);
			path = AppDescriptionView;
			sourceTree = "<group>";
		};
		CFA8A96025162BBF0052841E /* RatingsAndReviews */ = {
			isa = PBXGroup;
			children = (
				CFA8A95625161FAD0052841E /* RatingReviewView.swift */,
				CFA8A95825161FDC0052841E /* RatingReviewViewReactor.swift */,
				CFA8A95A25162AA10052841E /* RatingBar.swift */,
				CFA8A95C25162B8F0052841E /* ReviewCollectionViewCell.swift */,
			);
			path = RatingsAndReviews;
			sourceTree = "<group>";
		};
		CFBDD0A52512347F007E167F = {
			isa = PBXGroup;
			children = (
				CFBDD0B02512347F007E167F /* KakaoMinsoo */,
				CFBDD0C725123481007E167F /* KakaoMinsooTests */,
				CFBDD0AF2512347F007E167F /* Products */,
				BDCD582380E6543BC41ABA41 /* Pods */,
				940A5EEEB08F59EDFE4EA99A /* Frameworks */,
			);
			sourceTree = "<group>";
		};
		CFBDD0AF2512347F007E167F /* Products */ = {
			isa = PBXGroup;
			children = (
				CFBDD0AE2512347F007E167F /* KakaoMinsoo.app */,
				CFBDD0C425123481007E167F /* KakaoMinsooTests.xctest */,
			);
			name = Products;
			sourceTree = "<group>";
		};
		CFBDD0B02512347F007E167F /* KakaoMinsoo */ = {
			isa = PBXGroup;
			children = (
				CFBDD0B12512347F007E167F /* AppDelegate.swift */,
				CFBDD0B32512347F007E167F /* SceneDelegate.swift */,
				CFBDD0E4251264D8007E167F /* Model */,
				CFBDD0E525126C8A007E167F /* ViewControllers */,
				CFBDD0FE2512917F007E167F /* Cells */,
				CFBDD0D725123F62007E167F /* API */,
				CFBDD0BA25123481007E167F /* Assets.xcassets */,
				CFBDD0BC25123481007E167F /* LaunchScreen.storyboard */,
				CF3A99F72513C19500D9CFAB /* Constants.swift */,
				CF1EFE682514E1160047485D /* utils */,
				CFBDD0BF25123481007E167F /* Info.plist */,
				CF3A99F42513B77500D9CFAB /* extensions */,
				CF3A99EF25139FC600D9CFAB /* ImageRequest */,
			);
			path = KakaoMinsoo;
			sourceTree = "<group>";
		};
		CFBDD0C725123481007E167F /* KakaoMinsooTests */ = {
			isa = PBXGroup;
			children = (
				CFBDD0C825123481007E167F /* KakaoMinsooTests.swift */,
				CFBDD0FA251284D8007E167F /* PropertyWrapperTest.swift */,
				CFBDD0E225125892007E167F /* SearchResultStub.swift */,
				CFBDD0CA25123481007E167F /* Info.plist */,
			);
			path = KakaoMinsooTests;
			sourceTree = "<group>";
		};
		CFBDD0D725123F62007E167F /* API */ = {
			isa = PBXGroup;
			children = (
				CFBDD0D3251234BE007E167F /* APIClient.swift */,
				CFBDD0D825123F81007E167F /* EntityType.swift */,
				CFBDD0DA25123F92007E167F /* AttributeType.swift */,
				CFBDD0DC2512415E007E167F /* SearchLanguagge.swift */,
				CFBDD0DE25124210007E167F /* ExplitType.swift */,
				CFBDD0D52512372B007E167F /* APIConstants.swift */,
				CFBDD0F825128393007E167F /* SearchUserDefaults.swift */,
			);
			path = API;
			sourceTree = "<group>";
		};
		CFBDD0E4251264D8007E167F /* Model */ = {
			isa = PBXGroup;
			children = (
				CFBDD0E0251255CA007E167F /* SearchResponse.swift */,
			);
			path = Model;
			sourceTree = "<group>";
		};
		CFBDD0E525126C8A007E167F /* ViewControllers */ = {
			isa = PBXGroup;
			children = (
				02CE7B3D251464AF00869DA0 /* Search */,
				02CE7B3E251464C400869DA0 /* SearchDetail */,
			);
			path = ViewControllers;
			sourceTree = "<group>";
		};
		CFBDD0FE2512917F007E167F /* Cells */ = {
			isa = PBXGroup;
			children = (
				CFBDD101251291B0007E167F /* SearchResultTableViewCell.swift */,
				CFBDD103251291ED007E167F /* SearchResultTableCellReator.swift */,
				CF3A99F92513C79000D9CFAB /* LatestSearchedKeywordCell.swift */,
				02BB79C3251881050039E693 /* SearchKeyword.swift */,
				02BB79BF251880650039E693 /* LatestSearchedKeywordCellReactor.swift */,
			);
			path = Cells;
			sourceTree = "<group>";
		};
		CFC8D3662516550500C18101 /* WhatsNewView */ = {
			isa = PBXGroup;
			children = (
				CFC8D3672516551E00C18101 /* WhatsNewView.swift */,
				CFC8D3692516555400C18101 /* WhatNewViewReactor.swift */,
			);
			path = WhatsNewView;
			sourceTree = "<group>";
		};
		CFC8D36D25166FA100C18101 /* InformationView */ = {
			isa = PBXGroup;
			children = (
				CF7782DF25170F2300887152 /* InformationView.swift */,
				CF7782E125170F2B00887152 /* InformationViewReactor.swift */,
				CF83CA1625172E2D0049BDAD /* DefaultInformationTableViewCell.swift */,
				CF83CA26251744A70049BDAD /* AgeInformationTableViewCell.swift */,
				CF83CA2A2517451D0049BDAD /* DetailInformationTableViewCell.swift */,
				CF83CA1A251731D40049BDAD /* InformationTableViewCellReactor.swift */,
				CF83CA302517A16A0049BDAD /* ExpandableCell.swift */,
				CF83CA20251741F60049BDAD /* AppInformation.swift */,
			);
			path = InformationView;
			sourceTree = "<group>";
		};
/* End PBXGroup section */

/* Begin PBXNativeTarget section */
		CFBDD0AD2512347F007E167F /* KakaoMinsoo */ = {
			isa = PBXNativeTarget;
			buildConfigurationList = CFBDD0CD25123481007E167F /* Build configuration list for PBXNativeTarget "KakaoMinsoo" */;
			buildPhases = (
				156EEB5213BE526F5A6F86AD /* [CP] Check Pods Manifest.lock */,
				CFBDD0AA2512347F007E167F /* Sources */,
				CFBDD0AB2512347F007E167F /* Frameworks */,
				CFBDD0AC2512347F007E167F /* Resources */,
				5EC05AD4BAFDE2F81FF78954 /* [CP] Embed Pods Frameworks */,
			);
			buildRules = (
			);
			dependencies = (
			);
			name = KakaoMinsoo;
			productName = KakaoMinsoo;
			productReference = CFBDD0AE2512347F007E167F /* KakaoMinsoo.app */;
			productType = "com.apple.product-type.application";
		};
		CFBDD0C325123481007E167F /* KakaoMinsooTests */ = {
			isa = PBXNativeTarget;
			buildConfigurationList = CFBDD0D025123481007E167F /* Build configuration list for PBXNativeTarget "KakaoMinsooTests" */;
			buildPhases = (
				AA62225B36713E50678D3FAB /* [CP] Check Pods Manifest.lock */,
				CFBDD0C025123481007E167F /* Sources */,
				CFBDD0C125123481007E167F /* Frameworks */,
				CFBDD0C225123481007E167F /* Resources */,
			);
			buildRules = (
			);
			dependencies = (
				CFBDD0C625123481007E167F /* PBXTargetDependency */,
			);
			name = KakaoMinsooTests;
			productName = KakaoMinsooTests;
			productReference = CFBDD0C425123481007E167F /* KakaoMinsooTests.xctest */;
			productType = "com.apple.product-type.bundle.unit-test";
		};
/* End PBXNativeTarget section */

/* Begin PBXProject section */
		CFBDD0A62512347F007E167F /* Project object */ = {
			isa = PBXProject;
			attributes = {
				LastSwiftUpdateCheck = 1170;
				LastUpgradeCheck = 1170;
				ORGANIZATIONNAME = Minsoo;
				TargetAttributes = {
					CFBDD0AD2512347F007E167F = {
						CreatedOnToolsVersion = 11.7;
					};
					CFBDD0C325123481007E167F = {
						CreatedOnToolsVersion = 11.7;
						TestTargetID = CFBDD0AD2512347F007E167F;
					};
				};
			};
			buildConfigurationList = CFBDD0A92512347F007E167F /* Build configuration list for PBXProject "KakaoMinsoo" */;
			compatibilityVersion = "Xcode 9.3";
			developmentRegion = en;
			hasScannedForEncodings = 0;
			knownRegions = (
				en,
				Base,
			);
			mainGroup = CFBDD0A52512347F007E167F;
			productRefGroup = CFBDD0AF2512347F007E167F /* Products */;
			projectDirPath = "";
			projectRoot = "";
			targets = (
				CFBDD0AD2512347F007E167F /* KakaoMinsoo */,
				CFBDD0C325123481007E167F /* KakaoMinsooTests */,
			);
		};
/* End PBXProject section */

/* Begin PBXResourcesBuildPhase section */
		CFBDD0AC2512347F007E167F /* Resources */ = {
			isa = PBXResourcesBuildPhase;
			buildActionMask = 2147483647;
			files = (
				CFBDD0F125126D78007E167F /* SearchDetailViewController.storyboard in Resources */,
				CFBDD0BE25123481007E167F /* LaunchScreen.storyboard in Resources */,
				CFBDD0BB25123481007E167F /* Assets.xcassets in Resources */,
				CFBDD0EF25126D6C007E167F /* Main.storyboard in Resources */,
			);
			runOnlyForDeploymentPostprocessing = 0;
		};
		CFBDD0C225123481007E167F /* Resources */ = {
			isa = PBXResourcesBuildPhase;
			buildActionMask = 2147483647;
			files = (
			);
			runOnlyForDeploymentPostprocessing = 0;
		};
/* End PBXResourcesBuildPhase section */

/* Begin PBXShellScriptBuildPhase section */
		156EEB5213BE526F5A6F86AD /* [CP] Check Pods Manifest.lock */ = {
			isa = PBXShellScriptBuildPhase;
			buildActionMask = 2147483647;
			files = (
			);
			inputFileListPaths = (
			);
			inputPaths = (
				"${PODS_PODFILE_DIR_PATH}/Podfile.lock",
				"${PODS_ROOT}/Manifest.lock",
			);
			name = "[CP] Check Pods Manifest.lock";
			outputFileListPaths = (
			);
			outputPaths = (
				"$(DERIVED_FILE_DIR)/Pods-KakaoMinsoo-checkManifestLockResult.txt",
			);
			runOnlyForDeploymentPostprocessing = 0;
			shellPath = /bin/sh;
			shellScript = "diff \"${PODS_PODFILE_DIR_PATH}/Podfile.lock\" \"${PODS_ROOT}/Manifest.lock\" > /dev/null\nif [ $? != 0 ] ; then\n    # print error to STDERR\n    echo \"error: The sandbox is not in sync with the Podfile.lock. Run 'pod install' or update your CocoaPods installation.\" >&2\n    exit 1\nfi\n# This output is used by Xcode 'outputs' to avoid re-running this script phase.\necho \"SUCCESS\" > \"${SCRIPT_OUTPUT_FILE_0}\"\n";
			showEnvVarsInLog = 0;
		};
		5EC05AD4BAFDE2F81FF78954 /* [CP] Embed Pods Frameworks */ = {
			isa = PBXShellScriptBuildPhase;
			buildActionMask = 2147483647;
			files = (
			);
			inputFileListPaths = (
				"${PODS_ROOT}/Target Support Files/Pods-KakaoMinsoo/Pods-KakaoMinsoo-frameworks-${CONFIGURATION}-input-files.xcfilelist",
			);
			name = "[CP] Embed Pods Frameworks";
			outputFileListPaths = (
				"${PODS_ROOT}/Target Support Files/Pods-KakaoMinsoo/Pods-KakaoMinsoo-frameworks-${CONFIGURATION}-output-files.xcfilelist",
			);
			runOnlyForDeploymentPostprocessing = 0;
			shellPath = /bin/sh;
			shellScript = "\"${PODS_ROOT}/Target Support Files/Pods-KakaoMinsoo/Pods-KakaoMinsoo-frameworks.sh\"\n";
			showEnvVarsInLog = 0;
		};
		AA62225B36713E50678D3FAB /* [CP] Check Pods Manifest.lock */ = {
			isa = PBXShellScriptBuildPhase;
			buildActionMask = 2147483647;
			files = (
			);
			inputFileListPaths = (
			);
			inputPaths = (
				"${PODS_PODFILE_DIR_PATH}/Podfile.lock",
				"${PODS_ROOT}/Manifest.lock",
			);
			name = "[CP] Check Pods Manifest.lock";
			outputFileListPaths = (
			);
			outputPaths = (
				"$(DERIVED_FILE_DIR)/Pods-KakaoMinsooTests-checkManifestLockResult.txt",
			);
			runOnlyForDeploymentPostprocessing = 0;
			shellPath = /bin/sh;
			shellScript = "diff \"${PODS_PODFILE_DIR_PATH}/Podfile.lock\" \"${PODS_ROOT}/Manifest.lock\" > /dev/null\nif [ $? != 0 ] ; then\n    # print error to STDERR\n    echo \"error: The sandbox is not in sync with the Podfile.lock. Run 'pod install' or update your CocoaPods installation.\" >&2\n    exit 1\nfi\n# This output is used by Xcode 'outputs' to avoid re-running this script phase.\necho \"SUCCESS\" > \"${SCRIPT_OUTPUT_FILE_0}\"\n";
			showEnvVarsInLog = 0;
		};
/* End PBXShellScriptBuildPhase section */

/* Begin PBXSourcesBuildPhase section */
		CFBDD0AA2512347F007E167F /* Sources */ = {
			isa = PBXSourcesBuildPhase;
			buildActionMask = 2147483647;
			files = (
				CF3A99FA2513C79000D9CFAB /* LatestSearchedKeywordCell.swift in Sources */,
				CF3A99F125139FD500D9CFAB /* PGOperation.swift in Sources */,
				CFA8A95D25162B8F0052841E /* ReviewCollectionViewCell.swift in Sources */,
				CF3A99F82513C19500D9CFAB /* Constants.swift in Sources */,
				CFA8A9512515F8860052841E /* AppDescriptionView.swift in Sources */,
				CF3A99F62513B78500D9CFAB /* ImageViewExtension.swift in Sources */,
				CFBDD0DB25123F92007E167F /* AttributeType.swift in Sources */,
				CFA8A95725161FAD0052841E /* RatingReviewView.swift in Sources */,
				CFA8A95B25162AA10052841E /* RatingBar.swift in Sources */,
				CFBDD0F525127C5D007E167F /* SearchViewController+UITableViewDelegate.swift in Sources */,
				CF1EFE712515C3890047485D /* AppScreenshotCell.swift in Sources */,
				CFBDD102251291B0007E167F /* SearchResultTableViewCell.swift in Sources */,
				CFBDD0DD2512415E007E167F /* SearchLanguagge.swift in Sources */,
				CF1EFE6A2514E1290047485D /* SearchResultUtils.swift in Sources */,
				CF83CA1725172E2D0049BDAD /* DefaultInformationTableViewCell.swift in Sources */,
				CF83CA21251741F60049BDAD /* AppInformation.swift in Sources */,
				CF1EFE6F2514E7E30047485D /* Separator.swift in Sources */,
				CF1EFE6D2514E7C90047485D /* AppCommonInformationView.swift in Sources */,
				02BB79C0251880650039E693 /* LatestSearchedKeywordCellReactor.swift in Sources */,
				CFA8A955251616060052841E /* SearchDetailViewProtocol.swift in Sources */,
				CFBDD0E1251255CA007E167F /* SearchResponse.swift in Sources */,
				CF3A99F325139FEF00D9CFAB /* ImageDownloadHandler.swift in Sources */,
				CFC8D36C25165C9E00C18101 /* DateConverter.swift in Sources */,
				CFBDD0EA25126D14007E167F /* SearchDetailViewController.swift in Sources */,
				CFBDD0D925123F81007E167F /* EntityType.swift in Sources */,
				CFBDD0DF25124210007E167F /* ExplitType.swift in Sources */,
				CFBDD0F925128393007E167F /* SearchUserDefaults.swift in Sources */,
				CF7782E225170F2B00887152 /* InformationViewReactor.swift in Sources */,
				CF83CA312517A16A0049BDAD /* ExpandableCell.swift in Sources */,
				CFA8A9532515FE020052841E /* AppDescriptionViewReactor.swift in Sources */,
				02BB79C4251881050039E693 /* SearchKeyword.swift in Sources */,
				CFBDD0B62512347F007E167F /* SearchViewController.swift in Sources */,
				CFBDD104251291ED007E167F /* SearchResultTableCellReator.swift in Sources */,
				CF83CA2B2517451D0049BDAD /* DetailInformationTableViewCell.swift in Sources */,
				CFBDD0D62512372B007E167F /* APIConstants.swift in Sources */,
				02BB79B125187B550039E693 /* UIViewControllerExtension.swift in Sources */,
				CF3A99EE2513992800D9CFAB /* SearchDetailViewReactor.swift in Sources */,
				CFC8D36A2516555400C18101 /* WhatNewViewReactor.swift in Sources */,
				CFA8A95925161FDC0052841E /* RatingReviewViewReactor.swift in Sources */,
				CFBDD0F725127CA4007E167F /* SearchViewReactor.swift in Sources */,
				CFBDD0B22512347F007E167F /* AppDelegate.swift in Sources */,
				CFC8D3682516551E00C18101 /* WhatsNewView.swift in Sources */,
				CFBDD0F325127C2B007E167F /* SearchViewController+SearchBarDelegate.swift in Sources */,
				CFBDD0B42512347F007E167F /* SceneDelegate.swift in Sources */,
				CF7782E025170F2300887152 /* InformationView.swift in Sources */,
				CF83CA1B251731D40049BDAD /* InformationTableViewCellReactor.swift in Sources */,
				CFBDD0D4251234BE007E167F /* APIClient.swift in Sources */,
				CF83CA27251744A70049BDAD /* AgeInformationTableViewCell.swift in Sources */,
				02BB79C8251881C30039E693 /* StringExtension.swift in Sources */,
				CFC8D36F25167CD800C18101 /* DeviceType.swift in Sources */,
			);
			runOnlyForDeploymentPostprocessing = 0;
		};
		CFBDD0C025123481007E167F /* Sources */ = {
			isa = PBXSourcesBuildPhase;
			buildActionMask = 2147483647;
			files = (
				CFBDD0FD2512861A007E167F /* SearchUserDefaults.swift in Sources */,
				CFBDD0FB251284D8007E167F /* PropertyWrapperTest.swift in Sources */,
				CFBDD0E325125892007E167F /* SearchResultStub.swift in Sources */,
				CFBDD0C925123481007E167F /* KakaoMinsooTests.swift in Sources */,
			);
			runOnlyForDeploymentPostprocessing = 0;
		};
/* End PBXSourcesBuildPhase section */

/* Begin PBXTargetDependency section */
		CFBDD0C625123481007E167F /* PBXTargetDependency */ = {
			isa = PBXTargetDependency;
			target = CFBDD0AD2512347F007E167F /* KakaoMinsoo */;
			targetProxy = CFBDD0C525123481007E167F /* PBXContainerItemProxy */;
		};
/* End PBXTargetDependency section */

/* Begin PBXVariantGroup section */
		CFBDD0BC25123481007E167F /* LaunchScreen.storyboard */ = {
			isa = PBXVariantGroup;
			children = (
				CFBDD0BD25123481007E167F /* Base */,
			);
			name = LaunchScreen.storyboard;
			sourceTree = "<group>";
		};
/* End PBXVariantGroup section */

/* Begin XCBuildConfiguration section */
		CFBDD0CB25123481007E167F /* Debug */ = {
			isa = XCBuildConfiguration;
			buildSettings = {
				ALWAYS_SEARCH_USER_PATHS = NO;
				CLANG_ANALYZER_NONNULL = YES;
				CLANG_ANALYZER_NUMBER_OBJECT_CONVERSION = YES_AGGRESSIVE;
				CLANG_CXX_LANGUAGE_STANDARD = "gnu++14";
				CLANG_CXX_LIBRARY = "libc++";
				CLANG_ENABLE_MODULES = YES;
				CLANG_ENABLE_OBJC_ARC = YES;
				CLANG_ENABLE_OBJC_WEAK = YES;
				CLANG_WARN_BLOCK_CAPTURE_AUTORELEASING = YES;
				CLANG_WARN_BOOL_CONVERSION = YES;
				CLANG_WARN_COMMA = YES;
				CLANG_WARN_CONSTANT_CONVERSION = YES;
				CLANG_WARN_DEPRECATED_OBJC_IMPLEMENTATIONS = YES;
				CLANG_WARN_DIRECT_OBJC_ISA_USAGE = YES_ERROR;
				CLANG_WARN_DOCUMENTATION_COMMENTS = YES;
				CLANG_WARN_EMPTY_BODY = YES;
				CLANG_WARN_ENUM_CONVERSION = YES;
				CLANG_WARN_INFINITE_RECURSION = YES;
				CLANG_WARN_INT_CONVERSION = YES;
				CLANG_WARN_NON_LITERAL_NULL_CONVERSION = YES;
				CLANG_WARN_OBJC_IMPLICIT_RETAIN_SELF = YES;
				CLANG_WARN_OBJC_LITERAL_CONVERSION = YES;
				CLANG_WARN_OBJC_ROOT_CLASS = YES_ERROR;
				CLANG_WARN_RANGE_LOOP_ANALYSIS = YES;
				CLANG_WARN_STRICT_PROTOTYPES = YES;
				CLANG_WARN_SUSPICIOUS_MOVE = YES;
				CLANG_WARN_UNGUARDED_AVAILABILITY = YES_AGGRESSIVE;
				CLANG_WARN_UNREACHABLE_CODE = YES;
				CLANG_WARN__DUPLICATE_METHOD_MATCH = YES;
				COPY_PHASE_STRIP = NO;
				DEBUG_INFORMATION_FORMAT = dwarf;
				ENABLE_STRICT_OBJC_MSGSEND = YES;
				ENABLE_TESTABILITY = YES;
				GCC_C_LANGUAGE_STANDARD = gnu11;
				GCC_DYNAMIC_NO_PIC = NO;
				GCC_NO_COMMON_BLOCKS = YES;
				GCC_OPTIMIZATION_LEVEL = 0;
				GCC_PREPROCESSOR_DEFINITIONS = (
					"DEBUG=1",
					"$(inherited)",
				);
				GCC_WARN_64_TO_32_BIT_CONVERSION = YES;
				GCC_WARN_ABOUT_RETURN_TYPE = YES_ERROR;
				GCC_WARN_UNDECLARED_SELECTOR = YES;
				GCC_WARN_UNINITIALIZED_AUTOS = YES_AGGRESSIVE;
				GCC_WARN_UNUSED_FUNCTION = YES;
				GCC_WARN_UNUSED_VARIABLE = YES;
				IPHONEOS_DEPLOYMENT_TARGET = 13.0;
				MTL_ENABLE_DEBUG_INFO = INCLUDE_SOURCE;
				MTL_FAST_MATH = YES;
				ONLY_ACTIVE_ARCH = YES;
				SDKROOT = iphoneos;
				SWIFT_ACTIVE_COMPILATION_CONDITIONS = DEBUG;
				SWIFT_OPTIMIZATION_LEVEL = "-Onone";
			};
			name = Debug;
		};
		CFBDD0CC25123481007E167F /* Release */ = {
			isa = XCBuildConfiguration;
			buildSettings = {
				ALWAYS_SEARCH_USER_PATHS = NO;
				CLANG_ANALYZER_NONNULL = YES;
				CLANG_ANALYZER_NUMBER_OBJECT_CONVERSION = YES_AGGRESSIVE;
				CLANG_CXX_LANGUAGE_STANDARD = "gnu++14";
				CLANG_CXX_LIBRARY = "libc++";
				CLANG_ENABLE_MODULES = YES;
				CLANG_ENABLE_OBJC_ARC = YES;
				CLANG_ENABLE_OBJC_WEAK = YES;
				CLANG_WARN_BLOCK_CAPTURE_AUTORELEASING = YES;
				CLANG_WARN_BOOL_CONVERSION = YES;
				CLANG_WARN_COMMA = YES;
				CLANG_WARN_CONSTANT_CONVERSION = YES;
				CLANG_WARN_DEPRECATED_OBJC_IMPLEMENTATIONS = YES;
				CLANG_WARN_DIRECT_OBJC_ISA_USAGE = YES_ERROR;
				CLANG_WARN_DOCUMENTATION_COMMENTS = YES;
				CLANG_WARN_EMPTY_BODY = YES;
				CLANG_WARN_ENUM_CONVERSION = YES;
				CLANG_WARN_INFINITE_RECURSION = YES;
				CLANG_WARN_INT_CONVERSION = YES;
				CLANG_WARN_NON_LITERAL_NULL_CONVERSION = YES;
				CLANG_WARN_OBJC_IMPLICIT_RETAIN_SELF = YES;
				CLANG_WARN_OBJC_LITERAL_CONVERSION = YES;
				CLANG_WARN_OBJC_ROOT_CLASS = YES_ERROR;
				CLANG_WARN_RANGE_LOOP_ANALYSIS = YES;
				CLANG_WARN_STRICT_PROTOTYPES = YES;
				CLANG_WARN_SUSPICIOUS_MOVE = YES;
				CLANG_WARN_UNGUARDED_AVAILABILITY = YES_AGGRESSIVE;
				CLANG_WARN_UNREACHABLE_CODE = YES;
				CLANG_WARN__DUPLICATE_METHOD_MATCH = YES;
				COPY_PHASE_STRIP = NO;
				DEBUG_INFORMATION_FORMAT = "dwarf-with-dsym";
				ENABLE_NS_ASSERTIONS = NO;
				ENABLE_STRICT_OBJC_MSGSEND = YES;
				GCC_C_LANGUAGE_STANDARD = gnu11;
				GCC_NO_COMMON_BLOCKS = YES;
				GCC_WARN_64_TO_32_BIT_CONVERSION = YES;
				GCC_WARN_ABOUT_RETURN_TYPE = YES_ERROR;
				GCC_WARN_UNDECLARED_SELECTOR = YES;
				GCC_WARN_UNINITIALIZED_AUTOS = YES_AGGRESSIVE;
				GCC_WARN_UNUSED_FUNCTION = YES;
				GCC_WARN_UNUSED_VARIABLE = YES;
				IPHONEOS_DEPLOYMENT_TARGET = 13.0;
				MTL_ENABLE_DEBUG_INFO = NO;
				MTL_FAST_MATH = YES;
				SDKROOT = iphoneos;
				SWIFT_COMPILATION_MODE = wholemodule;
				SWIFT_OPTIMIZATION_LEVEL = "-O";
				VALIDATE_PRODUCT = YES;
			};
			name = Release;
		};
		CFBDD0CE25123481007E167F /* Debug */ = {
			isa = XCBuildConfiguration;
			baseConfigurationReference = 5CB171B0D1BE0280560049BE /* Pods-KakaoMinsoo.debug.xcconfig */;
			buildSettings = {
				ASSETCATALOG_COMPILER_APPICON_NAME = AppIcon;
				CODE_SIGN_IDENTITY = "Apple Development";
				CODE_SIGN_STYLE = Automatic;
				DEVELOPMENT_TEAM = 6Y9F62XV9B;
				INFOPLIST_FILE = KakaoMinsoo/Info.plist;
				LD_RUNPATH_SEARCH_PATHS = (
					"$(inherited)",
					"@executable_path/Frameworks",
				);
				PRODUCT_BUNDLE_IDENTIFIER = minsoo.KakaoMinsoo;
				PRODUCT_NAME = "$(TARGET_NAME)";
				PROVISIONING_PROFILE_SPECIFIER = "";
				SWIFT_VERSION = 5.0;
				TARGETED_DEVICE_FAMILY = "1,2";
			};
			name = Debug;
		};
		CFBDD0CF25123481007E167F /* Release */ = {
			isa = XCBuildConfiguration;
			baseConfigurationReference = 6BF01F6C1EBEF1F48CED303B /* Pods-KakaoMinsoo.release.xcconfig */;
			buildSettings = {
				ASSETCATALOG_COMPILER_APPICON_NAME = AppIcon;
				CODE_SIGN_IDENTITY = "Apple Development";
				CODE_SIGN_STYLE = Automatic;
				DEVELOPMENT_TEAM = 6Y9F62XV9B;
				INFOPLIST_FILE = KakaoMinsoo/Info.plist;
				LD_RUNPATH_SEARCH_PATHS = (
					"$(inherited)",
					"@executable_path/Frameworks",
				);
				PRODUCT_BUNDLE_IDENTIFIER = minsoo.KakaoMinsoo;
				PRODUCT_NAME = "$(TARGET_NAME)";
				PROVISIONING_PROFILE_SPECIFIER = "";
				SWIFT_VERSION = 5.0;
				TARGETED_DEVICE_FAMILY = "1,2";
			};
			name = Release;
		};
		CFBDD0D125123481007E167F /* Debug */ = {
			isa = XCBuildConfiguration;
			baseConfigurationReference = 45F3E8F8F1389471BDE92025 /* Pods-KakaoMinsooTests.debug.xcconfig */;
			buildSettings = {
				ALWAYS_EMBED_SWIFT_STANDARD_LIBRARIES = YES;
				BUNDLE_LOADER = "$(TEST_HOST)";
				CODE_SIGN_STYLE = Automatic;
				DEVELOPMENT_TEAM = 6Y9F62XV9B;
				INFOPLIST_FILE = KakaoMinsooTests/Info.plist;
				IPHONEOS_DEPLOYMENT_TARGET = 13.0;
				LD_RUNPATH_SEARCH_PATHS = (
					"$(inherited)",
					"@executable_path/Frameworks",
					"@loader_path/Frameworks",
				);
				PRODUCT_BUNDLE_IDENTIFIER = minsoo.KakaoMinsooTests;
				PRODUCT_NAME = "$(TARGET_NAME)";
				SWIFT_VERSION = 5.0;
				TARGETED_DEVICE_FAMILY = "1,2";
				TEST_HOST = "$(BUILT_PRODUCTS_DIR)/KakaoMinsoo.app/KakaoMinsoo";
			};
			name = Debug;
		};
		CFBDD0D225123481007E167F /* Release */ = {
			isa = XCBuildConfiguration;
			baseConfigurationReference = 11AAC797F3781DAF5AA69E23 /* Pods-KakaoMinsooTests.release.xcconfig */;
			buildSettings = {
				ALWAYS_EMBED_SWIFT_STANDARD_LIBRARIES = YES;
				BUNDLE_LOADER = "$(TEST_HOST)";
				CODE_SIGN_STYLE = Automatic;
				DEVELOPMENT_TEAM = 6Y9F62XV9B;
				INFOPLIST_FILE = KakaoMinsooTests/Info.plist;
				IPHONEOS_DEPLOYMENT_TARGET = 13.0;
				LD_RUNPATH_SEARCH_PATHS = (
					"$(inherited)",
					"@executable_path/Frameworks",
					"@loader_path/Frameworks",
				);
				PRODUCT_BUNDLE_IDENTIFIER = minsoo.KakaoMinsooTests;
				PRODUCT_NAME = "$(TARGET_NAME)";
				SWIFT_VERSION = 5.0;
				TARGETED_DEVICE_FAMILY = "1,2";
				TEST_HOST = "$(BUILT_PRODUCTS_DIR)/KakaoMinsoo.app/KakaoMinsoo";
			};
			name = Release;
		};
/* End XCBuildConfiguration section */

/* Begin XCConfigurationList section */
		CFBDD0A92512347F007E167F /* Build configuration list for PBXProject "KakaoMinsoo" */ = {
			isa = XCConfigurationList;
			buildConfigurations = (
				CFBDD0CB25123481007E167F /* Debug */,
				CFBDD0CC25123481007E167F /* Release */,
			);
			defaultConfigurationIsVisible = 0;
			defaultConfigurationName = Release;
		};
		CFBDD0CD25123481007E167F /* Build configuration list for PBXNativeTarget "KakaoMinsoo" */ = {
			isa = XCConfigurationList;
			buildConfigurations = (
				CFBDD0CE25123481007E167F /* Debug */,
				CFBDD0CF25123481007E167F /* Release */,
			);
			defaultConfigurationIsVisible = 0;
			defaultConfigurationName = Release;
		};
		CFBDD0D025123481007E167F /* Build configuration list for PBXNativeTarget "KakaoMinsooTests" */ = {
			isa = XCConfigurationList;
			buildConfigurations = (
				CFBDD0D125123481007E167F /* Debug */,
				CFBDD0D225123481007E167F /* Release */,
			);
			defaultConfigurationIsVisible = 0;
			defaultConfigurationName = Release;
		};
/* End XCConfigurationList section */
	};
	rootObject = CFBDD0A62512347F007E167F /* Project object */;
}
