PODS:
  - Cosmos (22.1.0)
  - ReactorKit (2.1.0):
    - RxSwift (~> 5.0)
    - WeakMapTable (~> 1.1)
  - RxCocoa (5.1.1):
    - RxRelay (~> 5)
    - RxSwift (~> 5)
  - RxRelay (5.1.1):
    - RxSwift (~> 5)
  - RxSwift (5.1.1)
  - SnapKit (4.0.1)
  - WeakMapTable (1.1.0)

DEPENDENCIES:
  - Cosmos (~> 22.1)
  - ReactorKit
  - RxCocoa (~> 5)
  - RxSwift (~> 5)
  - SnapKit (~> 4.0.0)

SPEC REPOS:
  trunk:
    - Cosmos
    - ReactorKit
    - RxCocoa
    - RxRelay
    - RxSwift
    - SnapKit
    - WeakMapTable

SPEC CHECKSUMS:
  Cosmos: 2795b36ad4bbea1af3050d6d65576ed63875f86a
  ReactorKit: 12a93358c554bb3f167b16b14c40374fa9cd5acd
  RxCocoa: 32065309a38d29b5b0db858819b5bf9ef038b601
  RxRelay: d77f7d771495f43c556cbc43eebd1bb54d01e8e9
  RxSwift: 81470a2074fa8780320ea5fe4102807cb7118178
  SnapKit: 0de968a9fec17499afa29683b05d0c775b6d1c29
  WeakMapTable: d0327eda092be6a8f7c532942ae98dc7948f5d32

PODFILE CHECKSUM: 6b2da76b3b46e6b1314f16b37b3f52f5bab7300f

COCOAPODS: 1.9.1
